<Solution>
  <Project Path="G00DS0ULCHECKERS.ConsoleTest/G00DS0ULCHECKERS.ConsoleTest.csproj" Id="f2c2c39c-0753-4f29-a85c-33951573d406" />
  <Project Path="G00DS0ULCHECKERS.Model/G00DS0ULCHECKERS.Model.csproj" />
  <Project Path="G00DS0ULCHECKERS.ViewModel/G00DS0ULCHECKERS.ViewModel.csproj" />
  <Project Path="WPFUI/WPFUI.csproj" />
</Solution>
